
Microsoft Visual Studio Solution File, Format Version 12.00
# Visual Studio 15
VisualStudioVersion = 15.0.27428.2037
MinimumVisualStudioVersion = 10.0.40219.1
Project("{9A19103F-16F7-4668-BE54-9A1E7A4F7556}") = "VotingApp.Web", "VotingApp.Web.csproj", "{378B3CB7-FFEC-4129-B8A5-FC05EB48FAD8}"
EndProject
Project("{FAE04EC0-301F-11D3-BF4B-00C04F79EFBC}") = "VotingApp.BLL", "VotingApp.BLL\VotingApp.BLL.csproj", "{480C5561-1C56-4B66-B7DE-2EE87A62A00F}"
EndProject
Project("{FAE04EC0-301F-11D3-BF4B-00C04F79EFBC}") = "VotingApp.DAL", "VotingApp.DAL\VotingApp.DAL.csproj", "{AC10DF5C-BD90-498C-8178-0AFE9C42484E}"
EndProject
Global
	GlobalSection(SolutionConfigurationPlatforms) = preSolution
		Debug|Any CPU = Debug|Any CPU
		Release|Any CPU = Release|Any CPU
	EndGlobalSection
	GlobalSection(ProjectConfigurationPlatforms) = postSolution
		{378B3CB7-FFEC-4129-B8A5-FC05EB48FAD8}.Debug|Any CPU.ActiveCfg = Debug|Any CPU
		{378B3CB7-FFEC-4129-B8A5-FC05EB48FAD8}.Debug|Any CPU.Build.0 = Debug|Any CPU
		{378B3CB7-FFEC-4129-B8A5-FC05EB48FAD8}.Release|Any CPU.ActiveCfg = Release|Any CPU
		{378B3CB7-FFEC-4129-B8A5-FC05EB48FAD8}.Release|Any CPU.Build.0 = Release|Any CPU
		{480C5561-1C56-4B66-B7DE-2EE87A62A00F}.Debug|Any CPU.ActiveCfg = Debug|Any CPU
		{480C5561-1C56-4B66-B7DE-2EE87A62A00F}.Debug|Any CPU.Build.0 = Debug|Any CPU
		{480C5561-1C56-4B66-B7DE-2EE87A62A00F}.Release|Any CPU.ActiveCfg = Release|Any CPU
		{480C5561-1C56-4B66-B7DE-2EE87A62A00F}.Release|Any CPU.Build.0 = Release|Any CPU
		{AC10DF5C-BD90-498C-8178-0AFE9C42484E}.Debug|Any CPU.ActiveCfg = Debug|Any CPU
		{AC10DF5C-BD90-498C-8178-0AFE9C42484E}.Debug|Any CPU.Build.0 = Debug|Any CPU
		{AC10DF5C-BD90-498C-8178-0AFE9C42484E}.Release|Any CPU.ActiveCfg = Release|Any CPU
		{AC10DF5C-BD90-498C-8178-0AFE9C42484E}.Release|Any CPU.Build.0 = Release|Any CPU
	EndGlobalSection
	GlobalSection(SolutionProperties) = preSolution
		HideSolutionNode = FALSE
	EndGlobalSection
	GlobalSection(ExtensibilityGlobals) = postSolution
		SolutionGuid = {33E56324-9535-4F64-B9EF-0B62F20401E6}
	EndGlobalSection
EndGlobal
